
Microsoft Visual Studio Solution File, Format Version 12.00
# Visual Studio Version 17
VisualStudioVersion = 17.2.32519.379
MinimumVisualStudioVersion = 10.0.40219.1
Project("{FAE04EC0-301F-11D3-BF4B-00C04F79EFBC}") = "Homework18", "Homework18.csproj", "{43A573FF-A5AB-4B93-8A2D-FE30CE6FDE9B}"
EndProject
Project("{FAE04EC0-301F-11D3-BF4B-00C04F79EFBC}") = "Homework18.Data", "..\Homework18.Data\Homework18.Data.csproj", "{9215A41D-0E32-4E82-97BC-8871CAB39BAE}"
EndProject
Project("{FAE04EC0-301F-11D3-BF4B-00C04F79EFBC}") = "Homework18.Domain", "..\Homework18.Domain\Homework18.Domain.csproj", "{1D50D6DD-DEB3-41E3-B829-2F50FC2ABFF0}"
EndProject
Global
	GlobalSection(SolutionConfigurationPlatforms) = preSolution
		Debug|Any CPU = Debug|Any CPU
		Release|Any CPU = Release|Any CPU
	EndGlobalSection
	GlobalSection(ProjectConfigurationPlatforms) = postSolution
		{43A573FF-A5AB-4B93-8A2D-FE30CE6FDE9B}.Debug|Any CPU.ActiveCfg = Debug|Any CPU
		{43A573FF-A5AB-4B93-8A2D-FE30CE6FDE9B}.Debug|Any CPU.Build.0 = Debug|Any CPU
		{43A573FF-A5AB-4B93-8A2D-FE30CE6FDE9B}.Release|Any CPU.ActiveCfg = Release|Any CPU
		{43A573FF-A5AB-4B93-8A2D-FE30CE6FDE9B}.Release|Any CPU.Build.0 = Release|Any CPU
		{9215A41D-0E32-4E82-97BC-8871CAB39BAE}.Debug|Any CPU.ActiveCfg = Debug|Any CPU
		{9215A41D-0E32-4E82-97BC-8871CAB39BAE}.Debug|Any CPU.Build.0 = Debug|Any CPU
		{9215A41D-0E32-4E82-97BC-8871CAB39BAE}.Release|Any CPU.ActiveCfg = Release|Any CPU
		{9215A41D-0E32-4E82-97BC-8871CAB39BAE}.Release|Any CPU.Build.0 = Release|Any CPU
		{1D50D6DD-DEB3-41E3-B829-2F50FC2ABFF0}.Debug|Any CPU.ActiveCfg = Debug|Any CPU
		{1D50D6DD-DEB3-41E3-B829-2F50FC2ABFF0}.Debug|Any CPU.Build.0 = Debug|Any CPU
		{1D50D6DD-DEB3-41E3-B829-2F50FC2ABFF0}.Release|Any CPU.ActiveCfg = Release|Any CPU
		{1D50D6DD-DEB3-41E3-B829-2F50FC2ABFF0}.Release|Any CPU.Build.0 = Release|Any CPU
	EndGlobalSection
	GlobalSection(SolutionProperties) = preSolution
		HideSolutionNode = FALSE
	EndGlobalSection
	GlobalSection(ExtensibilityGlobals) = postSolution
		SolutionGuid = {EEFCF4A2-50CF-403C-9139-0A8388AEE65E}
	EndGlobalSection
EndGlobal
